
Microsoft Visual Studio Solution File, Format Version 12.00
# Visual Studio Version 17
VisualStudioVersion = 17.3.32825.248
MinimumVisualStudioVersion = 10.0.40219.1
Project("{9A19103F-16F7-4668-BE54-9A1E7A4F7556}") = "Azure-durable-function-Chaining", "Azure-durable-function-Chaining\Azure-durable-function-Chaining.csproj", "{C7F07DD0-42D2-4865-BF6D-57001AB06F26}"
EndProject
Project("{FAE04EC0-301F-11D3-BF4B-00C04F79EFBC}") = "Azure-durable-function-Fan-out-fan-in", "Azure-durable-function-Fan-out-fan-in\Azure-durable-function-Fan-out-fan-in.csproj", "{8078122C-6987-43A0-8D5E-EF6674F890E8}"
EndProject
Global
	GlobalSection(SolutionConfigurationPlatforms) = preSolution
		Debug|Any CPU = Debug|Any CPU
		Release|Any CPU = Release|Any CPU
	EndGlobalSection
	GlobalSection(ProjectConfigurationPlatforms) = postSolution
		{C7F07DD0-42D2-4865-BF6D-57001AB06F26}.Debug|Any CPU.ActiveCfg = Debug|Any CPU
		{C7F07DD0-42D2-4865-BF6D-57001AB06F26}.Debug|Any CPU.Build.0 = Debug|Any CPU
		{C7F07DD0-42D2-4865-BF6D-57001AB06F26}.Release|Any CPU.ActiveCfg = Release|Any CPU
		{C7F07DD0-42D2-4865-BF6D-57001AB06F26}.Release|Any CPU.Build.0 = Release|Any CPU
		{8078122C-6987-43A0-8D5E-EF6674F890E8}.Debug|Any CPU.ActiveCfg = Debug|Any CPU
		{8078122C-6987-43A0-8D5E-EF6674F890E8}.Debug|Any CPU.Build.0 = Debug|Any CPU
		{8078122C-6987-43A0-8D5E-EF6674F890E8}.Release|Any CPU.ActiveCfg = Release|Any CPU
		{8078122C-6987-43A0-8D5E-EF6674F890E8}.Release|Any CPU.Build.0 = Release|Any CPU
	EndGlobalSection
	GlobalSection(SolutionProperties) = preSolution
		HideSolutionNode = FALSE
	EndGlobalSection
	GlobalSection(ExtensibilityGlobals) = postSolution
		SolutionGuid = {108C9CE8-B8B6-4FEC-84FA-F7A67B9277AE}
	EndGlobalSection
EndGlobal
